// !$*UTF8*$!
{
	archiveVersion = 1;
	classes = {
	};
	objectVersion = 46;
	objects = {

/* Begin PBXBuildFile section */
		552705B41D3E531300FD4790 /* AppDelegate.swift in Sources */ = {isa = PBXBuildFile; fileRef = 552705B31D3E531300FD4790 /* AppDelegate.swift */; };
		552705B61D3E531300FD4790 /* ViewController.swift in Sources */ = {isa = PBXBuildFile; fileRef = 552705B51D3E531300FD4790 /* ViewController.swift */; };
		552705B91D3E531300FD4790 /* Main.storyboard in Resources */ = {isa = PBXBuildFile; fileRef = 552705B71D3E531300FD4790 /* Main.storyboard */; };
		552705BB1D3E531300FD4790 /* Assets.xcassets in Resources */ = {isa = PBXBuildFile; fileRef = 552705BA1D3E531300FD4790 /* Assets.xcassets */; };
		552705BE1D3E531300FD4790 /* LaunchScreen.storyboard in Resources */ = {isa = PBXBuildFile; fileRef = 552705BC1D3E531300FD4790 /* LaunchScreen.storyboard */; };
/* End PBXBuildFile section */

/* Begin PBXFileReference section */
		552705B01D3E531300FD4790 /* controlling key board.app */ = {isa = PBXFileReference; explicitFileType = wrapper.application; includeInIndex = 0; path = "controlling key board.app"; sourceTree = BUILT_PRODUCTS_DIR; };
		552705B31D3E531300FD4790 /* AppDelegate.swift */ = {isa = PBXFileReference; lastKnownFileType = sourcecode.swift; path = AppDelegate.swift; sourceTree = "<group>"; };
		552705B51D3E531300FD4790 /* ViewController.swift */ = {isa = PBXFileReference; lastKnownFileType = sourcecode.swift; path = ViewController.swift; sourceTree = "<group>"; };
		552705B81D3E531300FD4790 /* Base */ = {isa = PBXFileReference; lastKnownFileType = file.storyboard; name = Base; path = Base.lproj/Main.storyboard; sourceTree = "<group>"; };
		552705BA1D3E531300FD4790 /* Assets.xcassets */ = {isa = PBXFileReference; lastKnownFileType = folder.assetcatalog; path = Assets.xcassets; sourceTree = "<group>"; };
		552705BD1D3E531300FD4790 /* Base */ = {isa = PBXFileReference; lastKnownFileType = file.storyboard; name = Base; path = Base.lproj/LaunchScreen.storyboard; sourceTree = "<group>"; };
		552705BF1D3E531300FD4790 /* Info.plist */ = {isa = PBXFileReference; lastKnownFileType = text.plist.xml; path = Info.plist; sourceTree = "<group>"; };
/* End PBXFileReference section */

/* Begin PBXFrameworksBuildPhase section */
		552705AD1D3E531300FD4790 /* Frameworks */ = {
			isa = PBXFrameworksBuildPhase;
			buildActionMask = 2147483647;
			files = (
			);
			runOnlyForDeploymentPostprocessing = 0;
		};
/* End PBXFrameworksBuildPhase section */

/* Begin PBXGroup section */
		552705A71D3E531300FD4790 = {
			isa = PBXGroup;
			children = (
				552705B21D3E531300FD4790 /* controlling key board */,
				552705B11D3E531300FD4790 /* Products */,
			);
			sourceTree = "<group>";
		};
		552705B11D3E531300FD4790 /* Products */ = {
			isa = PBXGroup;
			children = (
				552705B01D3E531300FD4790 /* controlling key board.app */,
			);
			name = Products;
			sourceTree = "<group>";
		};
		552705B21D3E531300FD4790 /* controlling key board */ = {
			isa = PBXGroup;
			children = (
				552705B31D3E531300FD4790 /* AppDelegate.swift */,
				552705B51D3E531300FD4790 /* ViewController.swift */,
				552705B71D3E531300FD4790 /* Main.storyboard */,
				552705BA1D3E531300FD4790 /* Assets.xcassets */,
				552705BC1D3E531300FD4790 /* LaunchScreen.storyboard */,
				552705BF1D3E531300FD4790 /* Info.plist */,
			);
			path = "controlling key board";
			sourceTree = "<group>";
		};
/* End PBXGroup section */

/* Begin PBXNativeTarget section */
		552705AF1D3E531300FD4790 /* controlling key board */ = {
			isa = PBXNativeTarget;
			buildConfigurationList = 552705C21D3E531300FD4790 /* Build configuration list for PBXNativeTarget "controlling key board" */;
			buildPhases = (
				552705AC1D3E531300FD4790 /* Sources */,
				552705AD1D3E531300FD4790 /* Frameworks */,
				552705AE1D3E531300FD4790 /* Resources */,
			);
			buildRules = (
			);
			dependencies = (
			);
			name = "controlling key board";
			productName = "controlling key board";
			productReference = 552705B01D3E531300FD4790 /* controlling key board.app */;
			productType = "com.apple.product-type.application";
		};
/* End PBXNativeTarget section */

/* Begin PBXProject section */
		552705A81D3E531300FD4790 /* Project object */ = {
			isa = PBXProject;
			attributes = {
				LastSwiftUpdateCheck = 0730;
				LastUpgradeCheck = 0730;
				ORGANIZATIONNAME = "Oscar Arnaiz";
				TargetAttributes = {
					552705AF1D3E531300FD4790 = {
						CreatedOnToolsVersion = 7.3.1;
					};
				};
			};
			buildConfigurationList = 552705AB1D3E531300FD4790 /* Build configuration list for PBXProject "controlling key board" */;
			compatibilityVersion = "Xcode 3.2";
			developmentRegion = English;
			hasScannedForEncodings = 0;
			knownRegions = (
				en,
				Base,
			);
			mainGroup = 552705A71D3E531300FD4790;
			productRefGroup = 552705B11D3E531300FD4790 /* Products */;
			projectDirPath = "";
			projectRoot = "";
			targets = (
				552705AF1D3E531300FD4790 /* controlling key board */,
			);
		};
/* End PBXProject section */

/* Begin PBXResourcesBuildPhase section */
		552705AE1D3E531300FD4790 /* Resources */ = {
			isa = PBXResourcesBuildPhase;
			buildActionMask = 2147483647;
			files = (
				552705BE1D3E531300FD4790 /* LaunchScreen.storyboard in Resources */,
				552705BB1D3E531300FD4790 /* Assets.xcassets in Resources */,
				552705B91D3E531300FD4790 /* Main.storyboard in Resources */,
			);
			runOnlyForDeploymentPostprocessing = 0;
		};
/* End PBXResourcesBuildPhase section */

/* Begin PBXSourcesBuildPhase section */
		552705AC1D3E531300FD4790 /* Sources */ = {
			isa = PBXSourcesBuildPhase;
			buildActionMask = 2147483647;
			files = (
				552705B61D3E531300FD4790 /* ViewController.swift in Sources */,
				552705B41D3E531300FD4790 /* AppDelegate.swift in Sources */,
			);
			runOnlyForDeploymentPostprocessing = 0;
		};
/* End PBXSourcesBuildPhase section */

/* Begin PBXVariantGroup section */
		552705B71D3E531300FD4790 /* Main.storyboard */ = {
			isa = PBXVariantGroup;
			children = (
				552705B81D3E531300FD4790 /* Base */,
			);
			name = Main.storyboard;
			sourceTree = "<group>";
		};
		552705BC1D3E531300FD4790 /* LaunchScreen.storyboard */ = {
			isa = PBXVariantGroup;
			children = (
				552705BD1D3E531300FD4790 /* Base */,
			);
			name = LaunchScreen.storyboard;
			sourceTree = "<group>";
		};
/* End PBXVariantGroup section */

/* Begin XCBuildConfiguration section */
		552705C01D3E531300FD4790 /* Debug */ = {
			isa = XCBuildConfiguration;
			buildSettings = {
				ALWAYS_SEARCH_USER_PATHS = NO;
				CLANG_ANALYZER_NONNULL = YES;
				CLANG_CXX_LANGUAGE_STANDARD = "gnu++0x";
				CLANG_CXX_LIBRARY = "libc++";
				CLANG_ENABLE_MODULES = YES;
				CLANG_ENABLE_OBJC_ARC = YES;
				CLANG_WARN_BOOL_CONVERSION = YES;
				CLANG_WARN_CONSTANT_CONVERSION = YES;
				CLANG_WARN_DIRECT_OBJC_ISA_USAGE = YES_ERROR;
				CLANG_WARN_EMPTY_BODY = YES;
				CLANG_WARN_ENUM_CONVERSION = YES;
				CLANG_WARN_INT_CONVERSION = YES;
				CLANG_WARN_OBJC_ROOT_CLASS = YES_ERROR;
				CLANG_WARN_UNREACHABLE_CODE = YES;
				CLANG_WARN__DUPLICATE_METHOD_MATCH = YES;
				"CODE_SIGN_IDENTITY[sdk=iphoneos*]" = "iPhone Developer";
				COPY_PHASE_STRIP = NO;
				DEBUG_INFORMATION_FORMAT = dwarf;
				ENABLE_STRICT_OBJC_MSGSEND = YES;
				ENABLE_TESTABILITY = YES;
				GCC_C_LANGUAGE_STANDARD = gnu99;
				GCC_DYNAMIC_NO_PIC = NO;
				GCC_NO_COMMON_BLOCKS = YES;
				GCC_OPTIMIZATION_LEVEL = 0;
				GCC_PREPROCESSOR_DEFINITIONS = (
					"DEBUG=1",
					"$(inherited)",
				);
				GCC_WARN_64_TO_32_BIT_CONVERSION = YES;
				GCC_WARN_ABOUT_RETURN_TYPE = YES_ERROR;
				GCC_WARN_UNDECLARED_SELECTOR = YES;
				GCC_WARN_UNINITIALIZED_AUTOS = YES_AGGRESSIVE;
				GCC_WARN_UNUSED_FUNCTION = YES;
				GCC_WARN_UNUSED_VARIABLE = YES;
				IPHONEOS_DEPLOYMENT_TARGET = 9.3;
				MTL_ENABLE_DEBUG_INFO = YES;
				ONLY_ACTIVE_ARCH = YES;
				SDKROOT = iphoneos;
				SWIFT_OPTIMIZATION_LEVEL = "-Onone";
				TARGETED_DEVICE_FAMILY = "1,2";
			};
			name = Debug;
		};
		552705C11D3E531300FD4790 /* Release */ = {
			isa = XCBuildConfiguration;
			buildSettings = {
				ALWAYS_SEARCH_USER_PATHS = NO;
				CLANG_ANALYZER_NONNULL = YES;
				CLANG_CXX_LANGUAGE_STANDARD = "gnu++0x";
				CLANG_CXX_LIBRARY = "libc++";
				CLANG_ENABLE_MODULES = YES;
				CLANG_ENABLE_OBJC_ARC = YES;
				CLANG_WARN_BOOL_CONVERSION = YES;
				CLANG_WARN_CONSTANT_CONVERSION = YES;
				CLANG_WARN_DIRECT_OBJC_ISA_USAGE = YES_ERROR;
				CLANG_WARN_EMPTY_BODY = YES;
				CLANG_WARN_ENUM_CONVERSION = YES;
				CLANG_WARN_INT_CONVERSION = YES;
				CLANG_WARN_OBJC_ROOT_CLASS = YES_ERROR;
				CLANG_WARN_UNREACHABLE_CODE = YES;
				CLANG_WARN__DUPLICATE_METHOD_MATCH = YES;
				"CODE_SIGN_IDENTITY[sdk=iphoneos*]" = "iPhone Developer";
				COPY_PHASE_STRIP = NO;
				DEBUG_INFORMATION_FORMAT = "dwarf-with-dsym";
				ENABLE_NS_ASSERTIONS = NO;
				ENABLE_STRICT_OBJC_MSGSEND = YES;
				GCC_C_LANGUAGE_STANDARD = gnu99;
				GCC_NO_COMMON_BLOCKS = YES;
				GCC_WARN_64_TO_32_BIT_CONVERSION = YES;
				GCC_WARN_ABOUT_RETURN_TYPE = YES_ERROR;
				GCC_WARN_UNDECLARED_SELECTOR = YES;
				GCC_WARN_UNINITIALIZED_AUTOS = YES_AGGRESSIVE;
				GCC_WARN_UNUSED_FUNCTION = YES;
				GCC_WARN_UNUSED_VARIABLE = YES;
				IPHONEOS_DEPLOYMENT_TARGET = 9.3;
				MTL_ENABLE_DEBUG_INFO = NO;
				SDKROOT = iphoneos;
				TARGETED_DEVICE_FAMILY = "1,2";
				VALIDATE_PRODUCT = YES;
			};
			name = Release;
		};
		552705C31D3E531300FD4790 /* Debug */ = {
			isa = XCBuildConfiguration;
			buildSettings = {
				ASSETCATALOG_COMPILER_APPICON_NAME = AppIcon;
				INFOPLIST_FILE = "controlling key board/Info.plist";
				LD_RUNPATH_SEARCH_PATHS = "$(inherited) @executable_path/Frameworks";
				PRODUCT_BUNDLE_IDENTIFIER = "sh.dogfi.controlling-key-board";
				PRODUCT_NAME = "$(TARGET_NAME)";
			};
			name = Debug;
		};
		552705C41D3E531300FD4790 /* Release */ = {
			isa = XCBuildConfiguration;
			buildSettings = {
				ASSETCATALOG_COMPILER_APPICON_NAME = AppIcon;
				INFOPLIST_FILE = "controlling key board/Info.plist";
				LD_RUNPATH_SEARCH_PATHS = "$(inherited) @executable_path/Frameworks";
				PRODUCT_BUNDLE_IDENTIFIER = "sh.dogfi.controlling-key-board";
				PRODUCT_NAME = "$(TARGET_NAME)";
			};
			name = Release;
		};
/* End XCBuildConfiguration section */

/* Begin XCConfigurationList section */
		552705AB1D3E531300FD4790 /* Build configuration list for PBXProject "controlling key board" */ = {
			isa = XCConfigurationList;
			buildConfigurations = (
				552705C01D3E531300FD4790 /* Debug */,
				552705C11D3E531300FD4790 /* Release */,
			);
			defaultConfigurationIsVisible = 0;
			defaultConfigurationName = Release;
		};
		552705C21D3E531300FD4790 /* Build configuration list for PBXNativeTarget "controlling key board" */ = {
			isa = XCConfigurationList;
			buildConfigurations = (
				552705C31D3E531300FD4790 /* Debug */,
				552705C41D3E531300FD4790 /* Release */,
			);
			defaultConfigurationIsVisible = 0;
		};
/* End XCConfigurationList section */
	};
	rootObject = 552705A81D3E531300FD4790 /* Project object */;
}
